
Microsoft Visual Studio Solution File, Format Version 12.00
# Visual Studio 15
VisualStudioVersion = 15.0.26403.3
MinimumVisualStudioVersion = 10.0.40219.1
Project("{FAE04EC0-301F-11D3-BF4B-00C04F79EFBC}") = "Calculator 2", "Calculator 2\Calculator 2.csproj", "{94423FEB-5C8F-4838-94D3-308EB4ECAC52}"
EndProject
Global
	GlobalSection(SolutionConfigurationPlatforms) = preSolution
		Debug|Any CPU = Debug|Any CPU
		Release|Any CPU = Release|Any CPU
	EndGlobalSection
	GlobalSection(ProjectConfigurationPlatforms) = postSolution
		{94423FEB-5C8F-4838-94D3-308EB4ECAC52}.Debug|Any CPU.ActiveCfg = Debug|Any CPU
		{94423FEB-5C8F-4838-94D3-308EB4ECAC52}.Debug|Any CPU.Build.0 = Debug|Any CPU
		{94423FEB-5C8F-4838-94D3-308EB4ECAC52}.Release|Any CPU.ActiveCfg = Release|Any CPU
		{94423FEB-5C8F-4838-94D3-308EB4ECAC52}.Release|Any CPU.Build.0 = Release|Any CPU
	EndGlobalSection
	GlobalSection(SolutionProperties) = preSolution
		HideSolutionNode = FALSE
	EndGlobalSection
EndGlobal
